
Microsoft Visual Studio Solution File, Format Version 12.00
# Visual Studio Version 17
VisualStudioVersion = 17.12.35527.113 d17.12
MinimumVisualStudioVersion = 10.0.40219.1
Project("{FAE04EC0-301F-11D3-BF4B-00C04F79EFBC}") = "APIs", "APIs\APIs.csproj", "{BB8E19D7-D6A6-4EC8-B467-C220175C0D54}"
EndProject
Project("{FAE04EC0-301F-11D3-BF4B-00C04F79EFBC}") = "Core", "Core\Core.csproj", "{B4CC8060-13E8-4DC6-9227-A47D8577181B}"
EndProject
Project("{FAE04EC0-301F-11D3-BF4B-00C04F79EFBC}") = "Repository", "Repository\Repository.csproj", "{DC7A9210-FC87-40C8-A69B-F8DABE3F2FB0}"
EndProject
Project("{FAE04EC0-301F-11D3-BF4B-00C04F79EFBC}") = "Services", "Services\Services.csproj", "{8E95DA99-418A-4F79-A556-C5DC286D58F2}"
EndProject
Global
	GlobalSection(SolutionConfigurationPlatforms) = preSolution
		Debug|Any CPU = Debug|Any CPU
		Release|Any CPU = Release|Any CPU
	EndGlobalSection
	GlobalSection(ProjectConfigurationPlatforms) = postSolution
		{BB8E19D7-D6A6-4EC8-B467-C220175C0D54}.Debug|Any CPU.ActiveCfg = Debug|Any CPU
		{BB8E19D7-D6A6-4EC8-B467-C220175C0D54}.Debug|Any CPU.Build.0 = Debug|Any CPU
		{BB8E19D7-D6A6-4EC8-B467-C220175C0D54}.Release|Any CPU.ActiveCfg = Release|Any CPU
		{BB8E19D7-D6A6-4EC8-B467-C220175C0D54}.Release|Any CPU.Build.0 = Release|Any CPU
		{B4CC8060-13E8-4DC6-9227-A47D8577181B}.Debug|Any CPU.ActiveCfg = Debug|Any CPU
		{B4CC8060-13E8-4DC6-9227-A47D8577181B}.Debug|Any CPU.Build.0 = Debug|Any CPU
		{B4CC8060-13E8-4DC6-9227-A47D8577181B}.Release|Any CPU.ActiveCfg = Release|Any CPU
		{B4CC8060-13E8-4DC6-9227-A47D8577181B}.Release|Any CPU.Build.0 = Release|Any CPU
		{DC7A9210-FC87-40C8-A69B-F8DABE3F2FB0}.Debug|Any CPU.ActiveCfg = Debug|Any CPU
		{DC7A9210-FC87-40C8-A69B-F8DABE3F2FB0}.Debug|Any CPU.Build.0 = Debug|Any CPU
		{DC7A9210-FC87-40C8-A69B-F8DABE3F2FB0}.Release|Any CPU.ActiveCfg = Release|Any CPU
		{DC7A9210-FC87-40C8-A69B-F8DABE3F2FB0}.Release|Any CPU.Build.0 = Release|Any CPU
		{8E95DA99-418A-4F79-A556-C5DC286D58F2}.Debug|Any CPU.ActiveCfg = Debug|Any CPU
		{8E95DA99-418A-4F79-A556-C5DC286D58F2}.Debug|Any CPU.Build.0 = Debug|Any CPU
		{8E95DA99-418A-4F79-A556-C5DC286D58F2}.Release|Any CPU.ActiveCfg = Release|Any CPU
		{8E95DA99-418A-4F79-A556-C5DC286D58F2}.Release|Any CPU.Build.0 = Release|Any CPU
	EndGlobalSection
	GlobalSection(SolutionProperties) = preSolution
		HideSolutionNode = FALSE
	EndGlobalSection
EndGlobal
